<?xml version="1.0" encoding="utf-8"?>
<Project ToolsVersion="4.0" xmlns="http://schemas.microsoft.com/developer/msbuild/2003">
  <ItemGroup>
    <Filter Include="Source Files">
      <UniqueIdentifier>{4FC737F1-C7A5-4376-A066-2A32D752A2FF}</UniqueIdentifier>
      <Extensions>cpp;c;cc;cxx;c++;cppm;ixx;def;odl;idl;hpj;bat;asm;asmx</Extensions>
    </Filter>
    <Filter Include="Header Files">
      <UniqueIdentifier>{93995380-89BD-4b04-88EB-625FBE52EBFB}</UniqueIdentifier>
      <Extensions>h;hh;hpp;hxx;h++;hm;inl;inc;ipp;xsd</Extensions>
    </Filter>
    <Filter Include="Resource Files">
      <UniqueIdentifier>{67DA6AB6-F800-4c08-8B7A-83BB121AAD01}</UniqueIdentifier>
      <Extensions>rc;ico;cur;bmp;dlg;rc2;rct;bin;rgs;gif;jpg;jpeg;jpe;resx;tiff;tif;png;wav;mfcribbon-ms</Extensions>
    </Filter>
  </ItemGroup>
  <ItemGroup>
    <ClCompile Include="VorpalLibrary-Public.cpp">
      <Filter>Source Files</Filter>
    </ClCompile>
    <ClCompile Include="API\Vorpal.cpp">
      <Filter>Source Files</Filter>
    </ClCompile>
    <ClCompile Include="HWID\Identifiers\baseboard.cpp">
      <Filter>Source Files</Filter>
    </ClCompile>
    <ClCompile Include="HWID\Identifiers\cpu.cpp">
      <Filter>Source Files</Filter>
    </ClCompile>
    <ClCompile Include="HWID\Identifiers\disk.cpp">
      <Filter>Source Files</Filter>
    </ClCompile>
    <ClCompile Include="HWID\HWID.cpp">
      <Filter>Source Files</Filter>
    </ClCompile>
    <ClCompile Include="Utilities\functionHash\winApi\exportWork.cpp">
      <Filter>Source Files</Filter>
    </ClCompile>
    <ClCompile Include="Utilities\functionHash\winApi\hashWork.cpp">
      <Filter>Source Files</Filter>
    </ClCompile>
    <ClCompile Include="Utilities\Memory\PE.cpp">
      <Filter>Source Files</Filter>
    </ClCompile>
    <ClCompile Include="Utilities\Security\SecurityChecks.cpp">
      <Filter>Source Files</Filter>
    </ClCompile>
    <ClCompile Include="Utilities\crt.cpp">
      <Filter>Source Files</Filter>
    </ClCompile>
    <ClCompile Include="Utilities\Utils.cpp">
      <Filter>Source Files</Filter>
    </ClCompile>
    <ClCompile Include="Utilities\Memory\Threads.cpp">
      <Filter>Source Files</Filter>
    </ClCompile>
    <ClCompile Include="Utilities\Memory\Integrity.cpp">
      <Filter>Source Files</Filter>
    </ClCompile>
  </ItemGroup>
  <ItemGroup>
    <ClInclude Include="API\HTTP\httplib.h">
      <Filter>Header Files</Filter>
    </ClInclude>
    <ClInclude Include="API\Vorpal.h">
      <Filter>Header Files</Filter>
    </ClInclude>
    <ClInclude Include="HWID\Identifiers\baseboard.h">
      <Filter>Header Files</Filter>
    </ClInclude>
    <ClInclude Include="HWID\Identifiers\cpu.h">
      <Filter>Header Files</Filter>
    </ClInclude>
    <ClInclude Include="HWID\Identifiers\disk.h">
      <Filter>Header Files</Filter>
    </ClInclude>
    <ClInclude Include="HWID\HWID.h">
      <Filter>Header Files</Filter>
    </ClInclude>
    <ClInclude Include="Utilities\functionHash\winApi\exportWork.h">
      <Filter>Header Files</Filter>
    </ClInclude>
    <ClInclude Include="Utilities\functionHash\winApi\hashWork.h">
      <Filter>Header Files</Filter>
    </ClInclude>
    <ClInclude Include="Utilities\Memory\PE.h">
      <Filter>Header Files</Filter>
    </ClInclude>
    <ClInclude Include="Utilities\Obfuscation\CompileTime\xorstr.hpp">
      <Filter>Header Files</Filter>
    </ClInclude>
    <ClInclude Include="Utilities\Security\SecurityChecks.h">
      <Filter>Header Files</Filter>
    </ClInclude>
    <ClInclude Include="Utilities\crt.h">
      <Filter>Header Files</Filter>
    </ClInclude>
    <ClInclude Include="Utilities\json.hpp">
      <Filter>Header Files</Filter>
    </ClInclude>
    <ClInclude Include="Utilities\Utils.h">
      <Filter>Header Files</Filter>
    </ClInclude>
    <ClInclude Include="common.h">
      <Filter>Header Files</Filter>
    </ClInclude>
    <ClInclude Include="Utilities\Memory\Threads.h">
      <Filter>Header Files</Filter>
    </ClInclude>
    <ClInclude Include="Utilities\Memory\Integrity.h">
      <Filter>Header Files</Filter>
    </ClInclude>
    <ClInclude Include="Utilities\Memory\crc.h">
      <Filter>Header Files</Filter>
    </ClInclude>
  </ItemGroup>
</Project>